<Solution>
  <Project Path="../ToDoList.Common/ToDoList.Common.csproj" />
  <Project Path="../ToDoList.Data/ToDoList.Data.csproj" />
  <Project Path="../ToDoList.Logic/ToDoList.Logic.csproj" Id="897a38d1-c1ac-46fc-b8ce-f75358aebd8a" />
  <Project Path="../ToDoList.Test/ToDoList.Test.csproj" Id="7467a6f4-243e-4b83-88a4-a0cde348b280" />
  <Project Path="ToDoList.Terminal/ToDoList.Terminal.csproj" />
</Solution>
